
Microsoft Visual Studio Solution File, Format Version 12.00
# Visual Studio Version 16
VisualStudioVersion = 16.0.29905.134
MinimumVisualStudioVersion = 10.0.40219.1
Project("{FAE04EC0-301F-11D3-BF4B-00C04F79EFBC}") = "WeatherAppUWP", "WeatherAppUWP\WeatherAppUWP.csproj", "{60C205BB-62B7-43D1-B930-7065E640583E}"
EndProject
Global
	GlobalSection(SolutionConfigurationPlatforms) = preSolution
		Debug|ARM = Debug|ARM
		Debug|ARM64 = Debug|ARM64
		Debug|x64 = Debug|x64
		Debug|x86 = Debug|x86
		Release|ARM = Release|ARM
		Release|ARM64 = Release|ARM64
		Release|x64 = Release|x64
		Release|x86 = Release|x86
	EndGlobalSection
	GlobalSection(ProjectConfigurationPlatforms) = postSolution
		{60C205BB-62B7-43D1-B930-7065E640583E}.Debug|ARM.ActiveCfg = Debug|ARM
		{60C205BB-62B7-43D1-B930-7065E640583E}.Debug|ARM.Build.0 = Debug|ARM
		{60C205BB-62B7-43D1-B930-7065E640583E}.Debug|ARM.Deploy.0 = Debug|ARM
		{60C205BB-62B7-43D1-B930-7065E640583E}.Debug|ARM64.ActiveCfg = Debug|ARM64
		{60C205BB-62B7-43D1-B930-7065E640583E}.Debug|ARM64.Build.0 = Debug|ARM64
		{60C205BB-62B7-43D1-B930-7065E640583E}.Debug|ARM64.Deploy.0 = Debug|ARM64
		{60C205BB-62B7-43D1-B930-7065E640583E}.Debug|x64.ActiveCfg = Debug|x64
		{60C205BB-62B7-43D1-B930-7065E640583E}.Debug|x64.Build.0 = Debug|x64
		{60C205BB-62B7-43D1-B930-7065E640583E}.Debug|x64.Deploy.0 = Debug|x64
		{60C205BB-62B7-43D1-B930-7065E640583E}.Debug|x86.ActiveCfg = Debug|x86
		{60C205BB-62B7-43D1-B930-7065E640583E}.Debug|x86.Build.0 = Debug|x86
		{60C205BB-62B7-43D1-B930-7065E640583E}.Debug|x86.Deploy.0 = Debug|x86
		{60C205BB-62B7-43D1-B930-7065E640583E}.Release|ARM.ActiveCfg = Release|ARM
		{60C205BB-62B7-43D1-B930-7065E640583E}.Release|ARM.Build.0 = Release|ARM
		{60C205BB-62B7-43D1-B930-7065E640583E}.Release|ARM.Deploy.0 = Release|ARM
		{60C205BB-62B7-43D1-B930-7065E640583E}.Release|ARM64.ActiveCfg = Release|ARM64
		{60C205BB-62B7-43D1-B930-7065E640583E}.Release|ARM64.Build.0 = Release|ARM64
		{60C205BB-62B7-43D1-B930-7065E640583E}.Release|ARM64.Deploy.0 = Release|ARM64
		{60C205BB-62B7-43D1-B930-7065E640583E}.Release|x64.ActiveCfg = Release|x64
		{60C205BB-62B7-43D1-B930-7065E640583E}.Release|x64.Build.0 = Release|x64
		{60C205BB-62B7-43D1-B930-7065E640583E}.Release|x64.Deploy.0 = Release|x64
		{60C205BB-62B7-43D1-B930-7065E640583E}.Release|x86.ActiveCfg = Release|x86
		{60C205BB-62B7-43D1-B930-7065E640583E}.Release|x86.Build.0 = Release|x86
		{60C205BB-62B7-43D1-B930-7065E640583E}.Release|x86.Deploy.0 = Release|x86
	EndGlobalSection
	GlobalSection(SolutionProperties) = preSolution
		HideSolutionNode = FALSE
	EndGlobalSection
	GlobalSection(ExtensibilityGlobals) = postSolution
		SolutionGuid = {63F61478-C585-41E3-89C6-EBFD62C8F31A}
	EndGlobalSection
EndGlobal
